
Microsoft Visual Studio Solution File, Format Version 12.00
# Visual Studio Version 17
VisualStudioVersion = 17.5.2.0
MinimumVisualStudioVersion = 10.0.40219.1
Project("{2150E333-8FDC-42A3-9474-1A3956D46DE8}") = "main_src", "main_src", "{6F0A63A5-DEE9-4E3E-B678-042D4DA11E41}"
EndProject
Project("{FAE04EC0-301F-11D3-BF4B-00C04F79EFBC}") = "ReportTaskPlanner.TelegramBot", "main_src\ReportTaskPlanner.TelegramBot\ReportTaskPlanner.TelegramBot.csproj", "{D59DFDF7-708E-45B9-99E0-5122EE55C2FC}"
EndProject
Project("{2150E333-8FDC-42A3-9474-1A3956D46DE8}") = "tests", "tests", "{0AB3BF05-4346-4AA6-1389-037BE0695223}"
EndProject
Project("{FAE04EC0-301F-11D3-BF4B-00C04F79EFBC}") = "TgBotPlannerTests", "tests\TgBotPlannerTests\TgBotPlannerTests.csproj", "{CE3D1A48-93B4-410A-92F9-DA45270D3DD5}"
EndProject
Global
	GlobalSection(SolutionConfigurationPlatforms) = preSolution
		Debug|Any CPU = Debug|Any CPU
		Debug|x64 = Debug|x64
		Debug|x86 = Debug|x86
		Release|Any CPU = Release|Any CPU
		Release|x64 = Release|x64
		Release|x86 = Release|x86
	EndGlobalSection
	GlobalSection(ProjectConfigurationPlatforms) = postSolution
		{D59DFDF7-708E-45B9-99E0-5122EE55C2FC}.Debug|Any CPU.ActiveCfg = Debug|Any CPU
		{D59DFDF7-708E-45B9-99E0-5122EE55C2FC}.Debug|Any CPU.Build.0 = Debug|Any CPU
		{D59DFDF7-708E-45B9-99E0-5122EE55C2FC}.Debug|x64.ActiveCfg = Debug|Any CPU
		{D59DFDF7-708E-45B9-99E0-5122EE55C2FC}.Debug|x64.Build.0 = Debug|Any CPU
		{D59DFDF7-708E-45B9-99E0-5122EE55C2FC}.Debug|x86.ActiveCfg = Debug|Any CPU
		{D59DFDF7-708E-45B9-99E0-5122EE55C2FC}.Debug|x86.Build.0 = Debug|Any CPU
		{D59DFDF7-708E-45B9-99E0-5122EE55C2FC}.Release|Any CPU.ActiveCfg = Release|Any CPU
		{D59DFDF7-708E-45B9-99E0-5122EE55C2FC}.Release|Any CPU.Build.0 = Release|Any CPU
		{D59DFDF7-708E-45B9-99E0-5122EE55C2FC}.Release|x64.ActiveCfg = Release|Any CPU
		{D59DFDF7-708E-45B9-99E0-5122EE55C2FC}.Release|x64.Build.0 = Release|Any CPU
		{D59DFDF7-708E-45B9-99E0-5122EE55C2FC}.Release|x86.ActiveCfg = Release|Any CPU
		{D59DFDF7-708E-45B9-99E0-5122EE55C2FC}.Release|x86.Build.0 = Release|Any CPU
		{CE3D1A48-93B4-410A-92F9-DA45270D3DD5}.Debug|Any CPU.ActiveCfg = Debug|Any CPU
		{CE3D1A48-93B4-410A-92F9-DA45270D3DD5}.Debug|Any CPU.Build.0 = Debug|Any CPU
		{CE3D1A48-93B4-410A-92F9-DA45270D3DD5}.Debug|x64.ActiveCfg = Debug|Any CPU
		{CE3D1A48-93B4-410A-92F9-DA45270D3DD5}.Debug|x64.Build.0 = Debug|Any CPU
		{CE3D1A48-93B4-410A-92F9-DA45270D3DD5}.Debug|x86.ActiveCfg = Debug|Any CPU
		{CE3D1A48-93B4-410A-92F9-DA45270D3DD5}.Debug|x86.Build.0 = Debug|Any CPU
		{CE3D1A48-93B4-410A-92F9-DA45270D3DD5}.Release|Any CPU.ActiveCfg = Release|Any CPU
		{CE3D1A48-93B4-410A-92F9-DA45270D3DD5}.Release|Any CPU.Build.0 = Release|Any CPU
		{CE3D1A48-93B4-410A-92F9-DA45270D3DD5}.Release|x64.ActiveCfg = Release|Any CPU
		{CE3D1A48-93B4-410A-92F9-DA45270D3DD5}.Release|x64.Build.0 = Release|Any CPU
		{CE3D1A48-93B4-410A-92F9-DA45270D3DD5}.Release|x86.ActiveCfg = Release|Any CPU
		{CE3D1A48-93B4-410A-92F9-DA45270D3DD5}.Release|x86.Build.0 = Release|Any CPU
	EndGlobalSection
	GlobalSection(SolutionProperties) = preSolution
		HideSolutionNode = FALSE
	EndGlobalSection
	GlobalSection(NestedProjects) = preSolution
		{D59DFDF7-708E-45B9-99E0-5122EE55C2FC} = {6F0A63A5-DEE9-4E3E-B678-042D4DA11E41}
		{CE3D1A48-93B4-410A-92F9-DA45270D3DD5} = {0AB3BF05-4346-4AA6-1389-037BE0695223}
	EndGlobalSection
	GlobalSection(ExtensibilityGlobals) = postSolution
		SolutionGuid = {A918094F-330A-4D50-B775-6EB95E2E5281}
	EndGlobalSection
EndGlobal
